
Microsoft Visual Studio Solution File, Format Version 12.00
# Visual Studio Version 17
VisualStudioVersion = 17.2.32526.322
MinimumVisualStudioVersion = 10.0.40219.1
Project("{9A19103F-16F7-4668-BE54-9A1E7A4F7556}") = "YogurtCleaning.API", "YogutrCleaning\YogurtCleaning.API.csproj", "{F4AE619B-F3E4-435F-93B0-2562590155B9}"
EndProject
Project("{9A19103F-16F7-4668-BE54-9A1E7A4F7556}") = "YogurtCleaning.API.Tests", "YogurtCleaning.Tests\YogurtCleaning.API.Tests.csproj", "{4B11DF4D-781C-4EFE-82FC-1E7E2A2B47E2}"
EndProject
Project("{9A19103F-16F7-4668-BE54-9A1E7A4F7556}") = "YogurtCleaning.Business", "YogurtCleaning.Business\YogurtCleaning.Business.csproj", "{6B7B336C-43B6-4F67-999F-E95F439E4670}"
EndProject
Project("{9A19103F-16F7-4668-BE54-9A1E7A4F7556}") = "YogurtCleaning.DataLayer", "YogurtCleaning.DataLayer\YogurtCleaning.DataLayer.csproj", "{8DEC3D58-A3E0-4803-AC79-D54698547038}"
EndProject
Project("{9A19103F-16F7-4668-BE54-9A1E7A4F7556}") = "YogurtCleaning.DataLayer.Tests", "YogurtCleaningDataLayerTests\YogurtCleaning.DataLayer.Tests.csproj", "{8B74B0C1-C01D-424A-A6CD-AFE7FA8A92FD}"
	ProjectSection(ProjectDependencies) = postProject
		{8DEC3D58-A3E0-4803-AC79-D54698547038} = {8DEC3D58-A3E0-4803-AC79-D54698547038}
	EndProjectSection
EndProject
Global
	GlobalSection(SolutionConfigurationPlatforms) = preSolution
		Debug|Any CPU = Debug|Any CPU
		Release|Any CPU = Release|Any CPU
	EndGlobalSection
	GlobalSection(ProjectConfigurationPlatforms) = postSolution
		{F4AE619B-F3E4-435F-93B0-2562590155B9}.Debug|Any CPU.ActiveCfg = Debug|Any CPU
		{F4AE619B-F3E4-435F-93B0-2562590155B9}.Debug|Any CPU.Build.0 = Debug|Any CPU
		{F4AE619B-F3E4-435F-93B0-2562590155B9}.Release|Any CPU.ActiveCfg = Release|Any CPU
		{F4AE619B-F3E4-435F-93B0-2562590155B9}.Release|Any CPU.Build.0 = Release|Any CPU
		{4B11DF4D-781C-4EFE-82FC-1E7E2A2B47E2}.Debug|Any CPU.ActiveCfg = Debug|Any CPU
		{4B11DF4D-781C-4EFE-82FC-1E7E2A2B47E2}.Debug|Any CPU.Build.0 = Debug|Any CPU
		{4B11DF4D-781C-4EFE-82FC-1E7E2A2B47E2}.Release|Any CPU.ActiveCfg = Release|Any CPU
		{4B11DF4D-781C-4EFE-82FC-1E7E2A2B47E2}.Release|Any CPU.Build.0 = Release|Any CPU
		{6B7B336C-43B6-4F67-999F-E95F439E4670}.Debug|Any CPU.ActiveCfg = Debug|Any CPU
		{6B7B336C-43B6-4F67-999F-E95F439E4670}.Debug|Any CPU.Build.0 = Debug|Any CPU
		{6B7B336C-43B6-4F67-999F-E95F439E4670}.Release|Any CPU.ActiveCfg = Release|Any CPU
		{6B7B336C-43B6-4F67-999F-E95F439E4670}.Release|Any CPU.Build.0 = Release|Any CPU
		{8DEC3D58-A3E0-4803-AC79-D54698547038}.Debug|Any CPU.ActiveCfg = Debug|Any CPU
		{8DEC3D58-A3E0-4803-AC79-D54698547038}.Debug|Any CPU.Build.0 = Debug|Any CPU
		{8DEC3D58-A3E0-4803-AC79-D54698547038}.Release|Any CPU.ActiveCfg = Release|Any CPU
		{8DEC3D58-A3E0-4803-AC79-D54698547038}.Release|Any CPU.Build.0 = Release|Any CPU
		{8B74B0C1-C01D-424A-A6CD-AFE7FA8A92FD}.Debug|Any CPU.ActiveCfg = Debug|Any CPU
		{8B74B0C1-C01D-424A-A6CD-AFE7FA8A92FD}.Debug|Any CPU.Build.0 = Debug|Any CPU
		{8B74B0C1-C01D-424A-A6CD-AFE7FA8A92FD}.Release|Any CPU.ActiveCfg = Release|Any CPU
		{8B74B0C1-C01D-424A-A6CD-AFE7FA8A92FD}.Release|Any CPU.Build.0 = Release|Any CPU
	EndGlobalSection
	GlobalSection(SolutionProperties) = preSolution
		HideSolutionNode = FALSE
	EndGlobalSection
	GlobalSection(ExtensibilityGlobals) = postSolution
		SolutionGuid = {E255C0B1-4995-4F01-85AF-1F1FBDD760B2}
	EndGlobalSection
EndGlobal
